
Microsoft Visual Studio Solution File, Format Version 12.00
# Visual Studio Version 17
VisualStudioVersion = 17.4.33213.308
MinimumVisualStudioVersion = 10.0.40219.1
Project("{FAE04EC0-301F-11D3-BF4B-00C04F79EFBC}") = "GitOut", "GitOut\GitOut.csproj", "{42F509AA-2E8B-40C0-BBF4-6570B1C0CF2B}"
EndProject
Global
	GlobalSection(SolutionConfigurationPlatforms) = preSolution
		Debug|Any CPU = Debug|Any CPU
		Release|Any CPU = Release|Any CPU
	EndGlobalSection
	GlobalSection(ProjectConfigurationPlatforms) = postSolution
		{42F509AA-2E8B-40C0-BBF4-6570B1C0CF2B}.Debug|Any CPU.ActiveCfg = Debug|Any CPU
		{42F509AA-2E8B-40C0-BBF4-6570B1C0CF2B}.Debug|Any CPU.Build.0 = Debug|Any CPU
		{42F509AA-2E8B-40C0-BBF4-6570B1C0CF2B}.Release|Any CPU.ActiveCfg = Release|Any CPU
		{42F509AA-2E8B-40C0-BBF4-6570B1C0CF2B}.Release|Any CPU.Build.0 = Release|Any CPU
	EndGlobalSection
	GlobalSection(SolutionProperties) = preSolution
		HideSolutionNode = FALSE
	EndGlobalSection
	GlobalSection(ExtensibilityGlobals) = postSolution
		SolutionGuid = {981D89BA-A511-402A-A600-09709803391C}
	EndGlobalSection
EndGlobal
